hash: 9954572804361ee62e5ac3841a805d654c7c7813c9ba511d56ed6fbf0d1ce5ef
updated: 2021-04-27T01:07:33.726268+05:30
imports:
- name: github.com/felixge/httpsnoop
  version: 42c30f944879059639bcf7b2ca4aba06f4a83198
- name: github.com/go-sql-driver/mysql
  version: 66312f7fe2678aa0f5ec770f96702f4c4ec5aa8e
- name: github.com/go-swagger/go-swagger
  version: b49f50b58d021e303ce819ab8310add9bad3a99d
  subpackages:
  - cmd/swagger
- name: github.com/golang/mock
  version: 51421b967af1f557f93a59e0057aaf15ca02e29c
  subpackages:
  - gomock
- name: github.com/google/uuid
  version: 512b657a42880af87e9f0d863aa6dccf3540d4ba
- name: github.com/gorilla/context
  version: 8559d4a6b87e4f517ec1846eb90a192b8748cc89
- name: github.com/gorilla/handlers
  version: 3e030244b4ba0480763356fc8ca0ade6222e2da0
- name: github.com/gorilla/mux
  version: 0eeaf8392f5b04950925b8a69fe70f110fa7cbfc
- name: github.com/jinzhu/gorm
  version: 472c70caa40267cb89fd8facb07fe6454b578626
  subpackages:
  - dialects/mysql
- name: github.com/jinzhu/inflection
  version: 970f05d9c0e1f5c179cedc3a0ad94010958733ab
testImports: []
